// !$*UTF8*$!
{
	archiveVersion = 1;
	classes = {
	};
	objectVersion = 55;
	objects = {

/* Begin PBXBuildFile section */
		58BA45CC28451FEC000CE621 /* load.png in Resources */ = {isa = PBXBuildFile; fileRef = 58BA45CB28451FEC000CE621 /* load.png */; };
		C086760E27FD32A9004722EF /* AppDelegate.swift in Sources */ = {isa = PBXBuildFile; fileRef = C086760D27FD32A9004722EF /* AppDelegate.swift */; };
		C086761027FD32A9004722EF /* SceneDelegate.swift in Sources */ = {isa = PBXBuildFile; fileRef = C086760F27FD32A9004722EF /* SceneDelegate.swift */; };
		C086761727FD32AA004722EF /* Assets.xcassets in Resources */ = {isa = PBXBuildFile; fileRef = C086761627FD32AA004722EF /* Assets.xcassets */; };
		C086761A27FD32AA004722EF /* LaunchScreen.storyboard in Resources */ = {isa = PBXBuildFile; fileRef = C086761827FD32AA004722EF /* LaunchScreen.storyboard */; };
		C086762227FD3490004722EF /* ContentView.swift in Sources */ = {isa = PBXBuildFile; fileRef = C086762127FD3490004722EF /* ContentView.swift */; };
		C086762927FD351C004722EF /* EmployeeDetailView.swift in Sources */ = {isa = PBXBuildFile; fileRef = C086762827FD351C004722EF /* EmployeeDetailView.swift */; };
		C086762B27FD3578004722EF /* EmployeeImageUrlView.swift in Sources */ = {isa = PBXBuildFile; fileRef = C086762A27FD3578004722EF /* EmployeeImageUrlView.swift */; };
		C086762D27FD35A2004722EF /* EmployeeModel.swift in Sources */ = {isa = PBXBuildFile; fileRef = C086762C27FD35A2004722EF /* EmployeeModel.swift */; };
				C086762F27FD35F1004722EF /* EmployeeImageModel.swift in Sources */ = {isa = PBXBuildFile; fileRef = C086762E27FD35F1004722EF /* EmployeeImageModel.swift */; };
		0697170F07A749F78405E954 /* EmployeeListViewModel.swift in Sources */ = {isa = PBXBuildFile; fileRef = E13C1EDE907D4700864D15C4 /* EmployeeListViewModel.swift */; };
		1EB4DB04C35A42B99B6109B8 /* EmployeeImageViewModel.swift in Sources */ = {isa = PBXBuildFile; fileRef = 2A18B032AA4945488E71A5BE /* EmployeeImageViewModel.swift */; };
		C09846BE2802673500548B3D /* ReadMe.strings in Resources */ = {isa = PBXBuildFile; fileRef = C09846BD2802673500548B3D /* ReadMe.strings */; };
/* End PBXBuildFile section */

/* Begin PBXFileReference section */
		58BA45CB28451FEC000CE621 /* load.png */ = {isa = PBXFileReference; lastKnownFileType = image.png; path = load.png; sourceTree = SOURCE_ROOT; };
		C086760A27FD32A9004722EF /* EmployeeDirectoryApp.app */ = {isa = PBXFileReference; explicitFileType = wrapper.application; includeInIndex = 0; path = EmployeeDirectoryApp.app; sourceTree = BUILT_PRODUCTS_DIR; };
		C086760D27FD32A9004722EF /* AppDelegate.swift */ = {isa = PBXFileReference; lastKnownFileType = sourcecode.swift; path = AppDelegate.swift; sourceTree = "<group>"; };
		C086760F27FD32A9004722EF /* SceneDelegate.swift */ = {isa = PBXFileReference; lastKnownFileType = sourcecode.swift; path = SceneDelegate.swift; sourceTree = "<group>"; };
		C086761627FD32AA004722EF /* Assets.xcassets */ = {isa = PBXFileReference; lastKnownFileType = folder.assetcatalog; path = Assets.xcassets; sourceTree = "<group>"; };
		C086761927FD32AA004722EF /* Base */ = {isa = PBXFileReference; lastKnownFileType = file.storyboard; name = Base; path = Base.lproj/LaunchScreen.storyboard; sourceTree = "<group>"; };
		C086761B27FD32AA004722EF /* Info.plist */ = {isa = PBXFileReference; lastKnownFileType = text.plist.xml; path = Info.plist; sourceTree = "<group>"; };
		C086762127FD3490004722EF /* ContentView.swift */ = {isa = PBXFileReference; lastKnownFileType = sourcecode.swift; path = ContentView.swift; sourceTree = "<group>"; };
		C086762827FD351C004722EF /* EmployeeDetailView.swift */ = {isa = PBXFileReference; lastKnownFileType = sourcecode.swift; path = EmployeeDetailView.swift; sourceTree = "<group>"; };
		C086762A27FD3578004722EF /* EmployeeImageUrlView.swift */ = {isa = PBXFileReference; lastKnownFileType = sourcecode.swift; path = EmployeeImageUrlView.swift; sourceTree = "<group>"; };
		C086762C27FD35A2004722EF /* EmployeeModel.swift */ = {isa = PBXFileReference; lastKnownFileType = sourcecode.swift; path = EmployeeModel.swift; sourceTree = "<group>"; };
				C086762E27FD35F1004722EF /* EmployeeImageModel.swift */ = {isa = PBXFileReference; lastKnownFileType = sourcecode.swift; path = EmployeeImageModel.swift; sourceTree = "<group>"; };
		E13C1EDE907D4700864D15C4 /* EmployeeListViewModel.swift */ = {isa = PBXFileReference; lastKnownFileType = sourcecode.swift; path = EmployeeListViewModel.swift; sourceTree = "<group>"; };
		2A18B032AA4945488E71A5BE /* EmployeeImageViewModel.swift */ = {isa = PBXFileReference; lastKnownFileType = sourcecode.swift; path = EmployeeImageViewModel.swift; sourceTree = "<group>"; };
		C09846BD2802673500548B3D /* ReadMe.strings */ = {isa = PBXFileReference; lastKnownFileType = text.plist.strings; path = ReadMe.strings; sourceTree = "<group>"; };
/* End PBXFileReference section */

/* Begin PBXFrameworksBuildPhase section */
		C086760727FD32A9004722EF /* Frameworks */ = {
			isa = PBXFrameworksBuildPhase;
			buildActionMask = 2147483647;
			files = (
			);
			runOnlyForDeploymentPostprocessing = 0;
		};
/* End PBXFrameworksBuildPhase section */

/* Begin PBXGroup section */
		C086760127FD32A9004722EF = {
			isa = PBXGroup;
			children = (
				C09846BD2802673500548B3D /* ReadMe.strings */,
				C086760C27FD32A9004722EF /* EmployeeDirectoryApp */,
				C086760B27FD32A9004722EF /* Products */,
			);
			sourceTree = "<group>";
		};
		C086760B27FD32A9004722EF /* Products */ = {
			isa = PBXGroup;
			children = (
				C086760A27FD32A9004722EF /* EmployeeDirectoryApp.app */,
			);
			name = Products;
			sourceTree = "<group>";
		};
		C086760C27FD32A9004722EF /* EmployeeDirectoryApp */ = {
			isa = PBXGroup;
			children = (
				C086762327FD34B7004722EF /* Resource */,
				C086762427FD34C8004722EF /* View */,
				C086762527FD34D2004722EF /* Model */,
				6E9EF8F0522140E28F4FE047 /* ViewModel */,
				C086760D27FD32A9004722EF /* AppDelegate.swift */,
				C086760F27FD32A9004722EF /* SceneDelegate.swift */,
				C086762127FD3490004722EF /* ContentView.swift */,
				C086761627FD32AA004722EF /* Assets.xcassets */,
				C086761827FD32AA004722EF /* LaunchScreen.storyboard */,
				C086761B27FD32AA004722EF /* Info.plist */,
			);
			path = EmployeeDirectoryApp;
			sourceTree = "<group>";
		};
		C086762327FD34B7004722EF /* Resource */ = {
			isa = PBXGroup;
			children = (
				58BA45CB28451FEC000CE621 /* load.png */,
			);
			path = Resource;
			sourceTree = "<group>";
		};
		C086762427FD34C8004722EF /* View */ = {
			isa = PBXGroup;
			children = (
				C086762827FD351C004722EF /* EmployeeDetailView.swift */,
				C086762A27FD3578004722EF /* EmployeeImageUrlView.swift */,
			);
			path = View;
			sourceTree = "<group>";
		};
		C086762527FD34D2004722EF /* Model */ = {
			isa = PBXGroup;
			children = (
				C086762C27FD35A2004722EF /* EmployeeModel.swift */,
				C086762E27FD35F1004722EF /* EmployeeImageModel.swift */,
			);
			path = Model;
			sourceTree = "<group>";
		};
		6E9EF8F0522140E28F4FE047 /* ViewModel */ = {
			isa = PBXGroup;
			children = (
				E13C1EDE907D4700864D15C4 /* EmployeeListViewModel.swift */,
				2A18B032AA4945488E71A5BE /* EmployeeImageViewModel.swift */,
			);
			path = ViewModel;
			sourceTree = "<group>";
		};
/* End PBXGroup section */

/* Begin PBXNativeTarget section */
		C086760927FD32A9004722EF /* EmployeeDirectoryApp */ = {
			isa = PBXNativeTarget;
			buildConfigurationList = C086761E27FD32AA004722EF /* Build configuration list for PBXNativeTarget "EmployeeDirectoryApp" */;
			buildPhases = (
				C086760627FD32A9004722EF /* Sources */,
				C086760727FD32A9004722EF /* Frameworks */,
				C086760827FD32A9004722EF /* Resources */,
			);
			buildRules = (
			);
			dependencies = (
			);
			name = EmployeeDirectoryApp;
			productName = EmployeeDirectoryApp;
			productReference = C086760A27FD32A9004722EF /* EmployeeDirectoryApp.app */;
			productType = "com.apple.product-type.application";
		};
/* End PBXNativeTarget section */

/* Begin PBXProject section */
		C086760227FD32A9004722EF /* Project object */ = {
			isa = PBXProject;
			attributes = {
				BuildIndependentTargetsInParallel = 1;
				LastSwiftUpdateCheck = 1320;
				LastUpgradeCheck = 1320;
				TargetAttributes = {
					C086760927FD32A9004722EF = {
						CreatedOnToolsVersion = 13.2.1;
					};
				};
			};
			buildConfigurationList = C086760527FD32A9004722EF /* Build configuration list for PBXProject "EmployeeDirectoryApp" */;
			compatibilityVersion = "Xcode 13.0";
			developmentRegion = en;
			hasScannedForEncodings = 0;
			knownRegions = (
				en,
				Base,
			);
			mainGroup = C086760127FD32A9004722EF;
			productRefGroup = C086760B27FD32A9004722EF /* Products */;
			projectDirPath = "";
			projectRoot = "";
			targets = (
				C086760927FD32A9004722EF /* EmployeeDirectoryApp */,
			);
		};
/* End PBXProject section */

/* Begin PBXResourcesBuildPhase section */
		C086760827FD32A9004722EF /* Resources */ = {
			isa = PBXResourcesBuildPhase;
			buildActionMask = 2147483647;
			files = (
				C09846BE2802673500548B3D /* ReadMe.strings in Resources */,
				58BA45CC28451FEC000CE621 /* load.png in Resources */,
				C086761A27FD32AA004722EF /* LaunchScreen.storyboard in Resources */,
				C086761727FD32AA004722EF /* Assets.xcassets in Resources */,
			);
			runOnlyForDeploymentPostprocessing = 0;
		};
/* End PBXResourcesBuildPhase section */

/* Begin PBXSourcesBuildPhase section */
		C086760627FD32A9004722EF /* Sources */ = {
			isa = PBXSourcesBuildPhase;
			buildActionMask = 2147483647;
			files = (
				C086762D27FD35A2004722EF /* EmployeeModel.swift in Sources */,
				C086760E27FD32A9004722EF /* AppDelegate.swift in Sources */,
				C086762927FD351C004722EF /* EmployeeDetailView.swift in Sources */,
				C086762227FD3490004722EF /* ContentView.swift in Sources */,
				C086762B27FD3578004722EF /* EmployeeImageUrlView.swift in Sources */,
				C086761027FD32A9004722EF /* SceneDelegate.swift in Sources */,
								C086762F27FD35F1004722EF /* EmployeeImageModel.swift in Sources */,
				0697170F07A749F78405E954 /* EmployeeListViewModel.swift in Sources */,
				1EB4DB04C35A42B99B6109B8 /* EmployeeImageViewModel.swift in Sources */,
			);
			runOnlyForDeploymentPostprocessing = 0;
		};
/* End PBXSourcesBuildPhase section */

/* Begin PBXVariantGroup section */
		C086761827FD32AA004722EF /* LaunchScreen.storyboard */ = {
			isa = PBXVariantGroup;
			children = (
				C086761927FD32AA004722EF /* Base */,
			);
			name = LaunchScreen.storyboard;
			sourceTree = "<group>";
		};
/* End PBXVariantGroup section */

/* Begin XCBuildConfiguration section */
		C086761C27FD32AA004722EF /* Debug */ = {
			isa = XCBuildConfiguration;
			buildSettings = {
				ALWAYS_SEARCH_USER_PATHS = NO;
				CLANG_ANALYZER_NONNULL = YES;
				CLANG_ANALYZER_NUMBER_OBJECT_CONVERSION = YES_AGGRESSIVE;
				CLANG_CXX_LANGUAGE_STANDARD = "gnu++17";
				CLANG_CXX_LIBRARY = "libc++";
				CLANG_ENABLE_MODULES = YES;
				CLANG_ENABLE_OBJC_ARC = YES;
				CLANG_ENABLE_OBJC_WEAK = YES;
				CLANG_WARN_BLOCK_CAPTURE_AUTORELEASING = YES;
				CLANG_WARN_BOOL_CONVERSION = YES;
				CLANG_WARN_COMMA = YES;
				CLANG_WARN_CONSTANT_CONVERSION = YES;
				CLANG_WARN_DEPRECATED_OBJC_IMPLEMENTATIONS = YES;
				CLANG_WARN_DIRECT_OBJC_ISA_USAGE = YES_ERROR;
				CLANG_WARN_DOCUMENTATION_COMMENTS = YES;
				CLANG_WARN_EMPTY_BODY = YES;
				CLANG_WARN_ENUM_CONVERSION = YES;
				CLANG_WARN_INFINITE_RECURSION = YES;
				CLANG_WARN_INT_CONVERSION = YES;
				CLANG_WARN_NON_LITERAL_NULL_CONVERSION = YES;
				CLANG_WARN_OBJC_IMPLICIT_RETAIN_SELF = YES;
				CLANG_WARN_OBJC_LITERAL_CONVERSION = YES;
				CLANG_WARN_OBJC_ROOT_CLASS = YES_ERROR;
				CLANG_WARN_QUOTED_INCLUDE_IN_FRAMEWORK_HEADER = YES;
				CLANG_WARN_RANGE_LOOP_ANALYSIS = YES;
				CLANG_WARN_STRICT_PROTOTYPES = YES;
				CLANG_WARN_SUSPICIOUS_MOVE = YES;
				CLANG_WARN_UNGUARDED_AVAILABILITY = YES_AGGRESSIVE;
				CLANG_WARN_UNREACHABLE_CODE = YES;
				CLANG_WARN__DUPLICATE_METHOD_MATCH = YES;
				COPY_PHASE_STRIP = NO;
				DEBUG_INFORMATION_FORMAT = dwarf;
				ENABLE_STRICT_OBJC_MSGSEND = YES;
				ENABLE_TESTABILITY = YES;
				GCC_C_LANGUAGE_STANDARD = gnu11;
				GCC_DYNAMIC_NO_PIC = NO;
				GCC_NO_COMMON_BLOCKS = YES;
				GCC_OPTIMIZATION_LEVEL = 0;
				GCC_PREPROCESSOR_DEFINITIONS = (
					"DEBUG=1",
					"$(inherited)",
				);
				GCC_WARN_64_TO_32_BIT_CONVERSION = YES;
				GCC_WARN_ABOUT_RETURN_TYPE = YES_ERROR;
				GCC_WARN_UNDECLARED_SELECTOR = YES;
				GCC_WARN_UNINITIALIZED_AUTOS = YES_AGGRESSIVE;
				GCC_WARN_UNUSED_FUNCTION = YES;
				GCC_WARN_UNUSED_VARIABLE = YES;
				IPHONEOS_DEPLOYMENT_TARGET = 15.2;
				MTL_ENABLE_DEBUG_INFO = INCLUDE_SOURCE;
				MTL_FAST_MATH = YES;
				ONLY_ACTIVE_ARCH = YES;
				SDKROOT = iphoneos;
				SWIFT_ACTIVE_COMPILATION_CONDITIONS = DEBUG;
				SWIFT_OPTIMIZATION_LEVEL = "-Onone";
			};
			name = Debug;
		};
		C086761D27FD32AA004722EF /* Release */ = {
			isa = XCBuildConfiguration;
			buildSettings = {
				ALWAYS_SEARCH_USER_PATHS = NO;
				CLANG_ANALYZER_NONNULL = YES;
				CLANG_ANALYZER_NUMBER_OBJECT_CONVERSION = YES_AGGRESSIVE;
				CLANG_CXX_LANGUAGE_STANDARD = "gnu++17";
				CLANG_CXX_LIBRARY = "libc++";
				CLANG_ENABLE_MODULES = YES;
				CLANG_ENABLE_OBJC_ARC = YES;
				CLANG_ENABLE_OBJC_WEAK = YES;
				CLANG_WARN_BLOCK_CAPTURE_AUTORELEASING = YES;
				CLANG_WARN_BOOL_CONVERSION = YES;
				CLANG_WARN_COMMA = YES;
				CLANG_WARN_CONSTANT_CONVERSION = YES;
				CLANG_WARN_DEPRECATED_OBJC_IMPLEMENTATIONS = YES;
				CLANG_WARN_DIRECT_OBJC_ISA_USAGE = YES_ERROR;
				CLANG_WARN_DOCUMENTATION_COMMENTS = YES;
				CLANG_WARN_EMPTY_BODY = YES;
				CLANG_WARN_ENUM_CONVERSION = YES;
				CLANG_WARN_INFINITE_RECURSION = YES;
				CLANG_WARN_INT_CONVERSION = YES;
				CLANG_WARN_NON_LITERAL_NULL_CONVERSION = YES;
				CLANG_WARN_OBJC_IMPLICIT_RETAIN_SELF = YES;
				CLANG_WARN_OBJC_LITERAL_CONVERSION = YES;
				CLANG_WARN_OBJC_ROOT_CLASS = YES_ERROR;
				CLANG_WARN_QUOTED_INCLUDE_IN_FRAMEWORK_HEADER = YES;
				CLANG_WARN_RANGE_LOOP_ANALYSIS = YES;
				CLANG_WARN_STRICT_PROTOTYPES = YES;
				CLANG_WARN_SUSPICIOUS_MOVE = YES;
				CLANG_WARN_UNGUARDED_AVAILABILITY = YES_AGGRESSIVE;
				CLANG_WARN_UNREACHABLE_CODE = YES;
				CLANG_WARN__DUPLICATE_METHOD_MATCH = YES;
				COPY_PHASE_STRIP = NO;
				DEBUG_INFORMATION_FORMAT = "dwarf-with-dsym";
				ENABLE_NS_ASSERTIONS = NO;
				ENABLE_STRICT_OBJC_MSGSEND = YES;
				GCC_C_LANGUAGE_STANDARD = gnu11;
				GCC_NO_COMMON_BLOCKS = YES;
				GCC_WARN_64_TO_32_BIT_CONVERSION = YES;
				GCC_WARN_ABOUT_RETURN_TYPE = YES_ERROR;
				GCC_WARN_UNDECLARED_SELECTOR = YES;
				GCC_WARN_UNINITIALIZED_AUTOS = YES_AGGRESSIVE;
				GCC_WARN_UNUSED_FUNCTION = YES;
				GCC_WARN_UNUSED_VARIABLE = YES;
				IPHONEOS_DEPLOYMENT_TARGET = 15.2;
				MTL_ENABLE_DEBUG_INFO = NO;
				MTL_FAST_MATH = YES;
				SDKROOT = iphoneos;
				SWIFT_COMPILATION_MODE = wholemodule;
				SWIFT_OPTIMIZATION_LEVEL = "-O";
				VALIDATE_PRODUCT = YES;
			};
			name = Release;
		};
		C086761F27FD32AA004722EF /* Debug */ = {
			isa = XCBuildConfiguration;
			buildSettings = {
				ASSETCATALOG_COMPILER_APPICON_NAME = AppIcon;
				ASSETCATALOG_COMPILER_GLOBAL_ACCENT_COLOR_NAME = AccentColor;
				CODE_SIGN_STYLE = Automatic;
				CURRENT_PROJECT_VERSION = 1;
				GENERATE_INFOPLIST_FILE = YES;
				INFOPLIST_FILE = EmployeeDirectoryApp/Info.plist;
				INFOPLIST_KEY_UIApplicationSupportsIndirectInputEvents = YES;
				INFOPLIST_KEY_UILaunchStoryboardName = LaunchScreen;
				INFOPLIST_KEY_UISupportedInterfaceOrientations_iPad = "UIInterfaceOrientationPortrait UIInterfaceOrientationPortraitUpsideDown UIInterfaceOrientationLandscapeLeft UIInterfaceOrientationLandscapeRight";
				INFOPLIST_KEY_UISupportedInterfaceOrientations_iPhone = "UIInterfaceOrientationPortrait UIInterfaceOrientationLandscapeLeft UIInterfaceOrientationLandscapeRight";
				LD_RUNPATH_SEARCH_PATHS = (
					"$(inherited)",
					"@executable_path/Frameworks",
				);
				MARKETING_VERSION = 1.0;
				PRODUCT_BUNDLE_IDENTIFIER = Square.EmployeeDirectoryApp;
				PRODUCT_NAME = "$(TARGET_NAME)";
				SWIFT_EMIT_LOC_STRINGS = YES;
				SWIFT_VERSION = 5.0;
				TARGETED_DEVICE_FAMILY = "1,2";
			};
			name = Debug;
		};
		C086762027FD32AA004722EF /* Release */ = {
			isa = XCBuildConfiguration;
			buildSettings = {
				ASSETCATALOG_COMPILER_APPICON_NAME = AppIcon;
				ASSETCATALOG_COMPILER_GLOBAL_ACCENT_COLOR_NAME = AccentColor;
				CODE_SIGN_STYLE = Automatic;
				CURRENT_PROJECT_VERSION = 1;
				GENERATE_INFOPLIST_FILE = YES;
				INFOPLIST_FILE = EmployeeDirectoryApp/Info.plist;
				INFOPLIST_KEY_UIApplicationSupportsIndirectInputEvents = YES;
				INFOPLIST_KEY_UILaunchStoryboardName = LaunchScreen;
				INFOPLIST_KEY_UISupportedInterfaceOrientations_iPad = "UIInterfaceOrientationPortrait UIInterfaceOrientationPortraitUpsideDown UIInterfaceOrientationLandscapeLeft UIInterfaceOrientationLandscapeRight";
				INFOPLIST_KEY_UISupportedInterfaceOrientations_iPhone = "UIInterfaceOrientationPortrait UIInterfaceOrientationLandscapeLeft UIInterfaceOrientationLandscapeRight";
				LD_RUNPATH_SEARCH_PATHS = (
					"$(inherited)",
					"@executable_path/Frameworks",
				);
				MARKETING_VERSION = 1.0;
				PRODUCT_BUNDLE_IDENTIFIER = Square.EmployeeDirectoryApp;
				PRODUCT_NAME = "$(TARGET_NAME)";
				SWIFT_EMIT_LOC_STRINGS = YES;
				SWIFT_VERSION = 5.0;
				TARGETED_DEVICE_FAMILY = "1,2";
			};
			name = Release;
		};
/* End XCBuildConfiguration section */

/* Begin XCConfigurationList section */
		C086760527FD32A9004722EF /* Build configuration list for PBXProject "EmployeeDirectoryApp" */ = {
			isa = XCConfigurationList;
			buildConfigurations = (
				C086761C27FD32AA004722EF /* Debug */,
				C086761D27FD32AA004722EF /* Release */,
			);
			defaultConfigurationIsVisible = 0;
			defaultConfigurationName = Release;
		};
		C086761E27FD32AA004722EF /* Build configuration list for PBXNativeTarget "EmployeeDirectoryApp" */ = {
			isa = XCConfigurationList;
			buildConfigurations = (
				C086761F27FD32AA004722EF /* Debug */,
				C086762027FD32AA004722EF /* Release */,
			);
			defaultConfigurationIsVisible = 0;
			defaultConfigurationName = Release;
		};
/* End XCConfigurationList section */
	};
	rootObject = C086760227FD32A9004722EF /* Project object */;
}
